lockfileVersion: '6.0'

settings:
  autoInstallPeers: true
  excludeLinksFromLockfile: false

devDependencies:
  prettier:
    specifier: ^3.2.5
    version: 3.3.2
  turbo:
    specifier: latest
    version: 2.0.6

packages:

  /prettier@3.3.2:
    resolution: {integrity: sha512-rAVeHYMcv8ATV5d508CFdn+8/pHPpXeIid1DdrPwXnaAdH7cqjVbpJaT5eq4yRAFU/lsbwYwSF/n5iNrdJHPQA==}
    engines: {node: '>=14'}
    hasBin: true
    dev: true

  /turbo-darwin-64@2.0.6:
    resolution: {integrity: sha512-XpgBwWj3Ggmz/gQVqXdMKXHC1iFPMDiuwugLwSzE7Ih0O13JuNtYZKhQnopvbDQnFQCeRq2Vsm5OTWabg/oB/g==}
    cpu: [x64]
    os: [darwin]
    requiresBuild: true
    dev: true
    optional: true

  /turbo-darwin-arm64@2.0.6:
    resolution: {integrity: sha512-RfeZYXIAkiA21E8lsvfptGTqz/256YD+eI1x37fedfvnHFWuIMFZGAOwJxtZc6QasQunDZ9TRRREbJNI68tkIw==}
    cpu: [arm64]
    os: [darwin]
    requiresBuild: true
    dev: true
    optional: true

  /turbo-linux-64@2.0.6:
    resolution: {integrity: sha512-92UDa0xNQQbx0HdSp9ag3YSS3xPdavhc7q9q9mxIAcqyjjD6VElA4Y85m4F/DDGE5SolCrvBz2sQhVmkOd6Caw==}
    cpu: [x64]
    os: [linux]
    requiresBuild: true
    dev: true
    optional: true

  /turbo-linux-arm64@2.0.6:
    resolution: {integrity: sha512-eQKu6utCVUkIH2kqOzD8OS6E0ba6COjWm6PRDTNCHQRljZW503ycaTUIdMOiJrVg1MkEjDyOReUg8s8D18aJ4Q==}
    cpu: [arm64]
    os: [linux]
    requiresBuild: true
    dev: true
    optional: true

  /turbo-windows-64@2.0.6:
    resolution: {integrity: sha512-+9u4EPrpoeHYCQ46dRcou9kbkSoelhOelHNcbs2d86D6ruYD/oIAHK9qgYK8LeARRz0jxhZIA/dWYdYsxJJWkw==}
    cpu: [x64]
    os: [win32]
    requiresBuild: true
    dev: true
    optional: true

  /turbo-windows-arm64@2.0.6:
    resolution: {integrity: sha512-rdrKL+p+EjtdDVg0wQ/7yTbzkIYrnb0Pw4IKcjsy3M0RqUM9UcEi67b94XOAyTa5a0GqJL1+tUj2ebsFGPgZbg==}
    cpu: [arm64]
    os: [win32]
    requiresBuild: true
    dev: true
    optional: true

  /turbo@2.0.6:
    resolution: {integrity: sha512-/Ftmxd5Mq//a9yMonvmwENNUN65jOVTwhhBPQjEtNZutYT9YKyzydFGLyVM1nzhpLWahQSMamRc/RDBv5EapzA==}
    hasBin: true
    optionalDependencies:
      turbo-darwin-64: 2.0.6
      turbo-darwin-arm64: 2.0.6
      turbo-linux-64: 2.0.6
      turbo-linux-arm64: 2.0.6
      turbo-windows-64: 2.0.6
      turbo-windows-arm64: 2.0.6
    dev: true
